
Microsoft Visual Studio Solution File, Format Version 12.00
# Visual Studio Version 17
VisualStudioVersion = 17.14.36414.22
MinimumVisualStudioVersion = 10.0.40219.1
Project("{FAE04EC0-301F-11D3-BF4B-00C04F79EFBC}") = "Lab1", "Lab1\Lab1.csproj", "{99622259-7BB9-455F-B40F-E3A20559FE6F}"
EndProject
Project("{FAE04EC0-301F-11D3-BF4B-00C04F79EFBC}") = "Lab2", "Lab2\Lab2.csproj", "{0D9B6D9A-58B4-4A18-B1DA-6EA47D72CB98}"
EndProject
Project("{FAE04EC0-301F-11D3-BF4B-00C04F79EFBC}") = "Lab2-test", "Lab2-test\Lab2-test.csproj", "{88340CBF-182D-4FBA-9E79-F997DC3B8285}"
EndProject
Project("{FAE04EC0-301F-11D3-BF4B-00C04F79EFBC}") = "Lab3", "Lab3\Lab3.csproj", "{A77862DB-3946-4B1D-82F9-882EB8369B54}"
EndProject
Project("{FAE04EC0-301F-11D3-BF4B-00C04F79EFBC}") = "Lab4", "Lab4\Lab4.csproj", "{B8573361-13AE-447A-97C5-ECEC7223BAEF}"
EndProject
Global
	GlobalSection(SolutionConfigurationPlatforms) = preSolution
		Debug|Any CPU = Debug|Any CPU
		Release|Any CPU = Release|Any CPU
	EndGlobalSection
	GlobalSection(ProjectConfigurationPlatforms) = postSolution
		{99622259-7BB9-455F-B40F-E3A20559FE6F}.Debug|Any CPU.ActiveCfg = Debug|Any CPU
		{99622259-7BB9-455F-B40F-E3A20559FE6F}.Debug|Any CPU.Build.0 = Debug|Any CPU
		{99622259-7BB9-455F-B40F-E3A20559FE6F}.Release|Any CPU.ActiveCfg = Release|Any CPU
		{99622259-7BB9-455F-B40F-E3A20559FE6F}.Release|Any CPU.Build.0 = Release|Any CPU
		{0D9B6D9A-58B4-4A18-B1DA-6EA47D72CB98}.Debug|Any CPU.ActiveCfg = Debug|Any CPU
		{0D9B6D9A-58B4-4A18-B1DA-6EA47D72CB98}.Debug|Any CPU.Build.0 = Debug|Any CPU
		{0D9B6D9A-58B4-4A18-B1DA-6EA47D72CB98}.Release|Any CPU.ActiveCfg = Release|Any CPU
		{0D9B6D9A-58B4-4A18-B1DA-6EA47D72CB98}.Release|Any CPU.Build.0 = Release|Any CPU
		{88340CBF-182D-4FBA-9E79-F997DC3B8285}.Debug|Any CPU.ActiveCfg = Debug|Any CPU
		{88340CBF-182D-4FBA-9E79-F997DC3B8285}.Debug|Any CPU.Build.0 = Debug|Any CPU
		{88340CBF-182D-4FBA-9E79-F997DC3B8285}.Release|Any CPU.ActiveCfg = Release|Any CPU
		{88340CBF-182D-4FBA-9E79-F997DC3B8285}.Release|Any CPU.Build.0 = Release|Any CPU
		{A77862DB-3946-4B1D-82F9-882EB8369B54}.Debug|Any CPU.ActiveCfg = Debug|Any CPU
		{A77862DB-3946-4B1D-82F9-882EB8369B54}.Debug|Any CPU.Build.0 = Debug|Any CPU
		{A77862DB-3946-4B1D-82F9-882EB8369B54}.Release|Any CPU.ActiveCfg = Release|Any CPU
		{A77862DB-3946-4B1D-82F9-882EB8369B54}.Release|Any CPU.Build.0 = Release|Any CPU
		{B8573361-13AE-447A-97C5-ECEC7223BAEF}.Debug|Any CPU.ActiveCfg = Debug|Any CPU
		{B8573361-13AE-447A-97C5-ECEC7223BAEF}.Debug|Any CPU.Build.0 = Debug|Any CPU
		{B8573361-13AE-447A-97C5-ECEC7223BAEF}.Release|Any CPU.ActiveCfg = Release|Any CPU
		{B8573361-13AE-447A-97C5-ECEC7223BAEF}.Release|Any CPU.Build.0 = Release|Any CPU
	EndGlobalSection
	GlobalSection(SolutionProperties) = preSolution
		HideSolutionNode = FALSE
	EndGlobalSection
	GlobalSection(ExtensibilityGlobals) = postSolution
		SolutionGuid = {E58079E1-BD8E-43A2-B28B-34833AF21C9C}
	EndGlobalSection
EndGlobal
